
Microsoft Visual Studio Solution File, Format Version 12.00
# Visual Studio 15
VisualStudioVersion = 15.0.28010.2016
MinimumVisualStudioVersion = 10.0.40219.1
Project("{FAE04EC0-301F-11D3-BF4B-00C04F79EFBC}") = "lab_12", "lab_12\lab_12.csproj", "{FC8F2ABC-A608-48CA-ACE8-F88D21810DDF}"
EndProject
Global
	GlobalSection(SolutionConfigurationPlatforms) = preSolution
		Debug|Any CPU = Debug|Any CPU
		Release|Any CPU = Release|Any CPU
	EndGlobalSection
	GlobalSection(ProjectConfigurationPlatforms) = postSolution
		{FC8F2ABC-A608-48CA-ACE8-F88D21810DDF}.Debug|Any CPU.ActiveCfg = Debug|Any CPU
		{FC8F2ABC-A608-48CA-ACE8-F88D21810DDF}.Debug|Any CPU.Build.0 = Debug|Any CPU
		{FC8F2ABC-A608-48CA-ACE8-F88D21810DDF}.Release|Any CPU.ActiveCfg = Release|Any CPU
		{FC8F2ABC-A608-48CA-ACE8-F88D21810DDF}.Release|Any CPU.Build.0 = Release|Any CPU
	EndGlobalSection
	GlobalSection(SolutionProperties) = preSolution
		HideSolutionNode = FALSE
	EndGlobalSection
	GlobalSection(ExtensibilityGlobals) = postSolution
		SolutionGuid = {52A0B2B6-B0FB-464F-8C2D-D29894CE2C91}
	EndGlobalSection
EndGlobal
