
Microsoft Visual Studio Solution File, Format Version 12.00
# Visual Studio 15
VisualStudioVersion = 15.0.28010.2016
MinimumVisualStudioVersion = 10.0.40219.1
Project("{FAE04EC0-301F-11D3-BF4B-00C04F79EFBC}") = "lab_10", "lab_10\lab_10.csproj", "{F2713F77-F16E-4E9A-ADE3-D2758AEFB8A9}"
EndProject
Global
	GlobalSection(SolutionConfigurationPlatforms) = preSolution
		Debug|Any CPU = Debug|Any CPU
		Release|Any CPU = Release|Any CPU
	EndGlobalSection
	GlobalSection(ProjectConfigurationPlatforms) = postSolution
		{F2713F77-F16E-4E9A-ADE3-D2758AEFB8A9}.Debug|Any CPU.ActiveCfg = Debug|Any CPU
		{F2713F77-F16E-4E9A-ADE3-D2758AEFB8A9}.Debug|Any CPU.Build.0 = Debug|Any CPU
		{F2713F77-F16E-4E9A-ADE3-D2758AEFB8A9}.Release|Any CPU.ActiveCfg = Release|Any CPU
		{F2713F77-F16E-4E9A-ADE3-D2758AEFB8A9}.Release|Any CPU.Build.0 = Release|Any CPU
	EndGlobalSection
	GlobalSection(SolutionProperties) = preSolution
		HideSolutionNode = FALSE
	EndGlobalSection
	GlobalSection(ExtensibilityGlobals) = postSolution
		SolutionGuid = {87CEF0EC-814D-4376-96AA-066F5667BC64}
	EndGlobalSection
EndGlobal
