
Microsoft Visual Studio Solution File, Format Version 12.00
# Visual Studio 15
VisualStudioVersion = 15.0.28010.2016
MinimumVisualStudioVersion = 10.0.40219.1
Project("{FAE04EC0-301F-11D3-BF4B-00C04F79EFBC}") = "lab_12", "lab_12\lab_12.csproj", "{A1D3D7D6-75D6-49B0-8953-1697F4D91BD2}"
EndProject
Global
	GlobalSection(SolutionConfigurationPlatforms) = preSolution
		Debug|Any CPU = Debug|Any CPU
		Release|Any CPU = Release|Any CPU
	EndGlobalSection
	GlobalSection(ProjectConfigurationPlatforms) = postSolution
		{A1D3D7D6-75D6-49B0-8953-1697F4D91BD2}.Debug|Any CPU.ActiveCfg = Debug|Any CPU
		{A1D3D7D6-75D6-49B0-8953-1697F4D91BD2}.Debug|Any CPU.Build.0 = Debug|Any CPU
		{A1D3D7D6-75D6-49B0-8953-1697F4D91BD2}.Release|Any CPU.ActiveCfg = Release|Any CPU
		{A1D3D7D6-75D6-49B0-8953-1697F4D91BD2}.Release|Any CPU.Build.0 = Release|Any CPU
	EndGlobalSection
	GlobalSection(SolutionProperties) = preSolution
		HideSolutionNode = FALSE
	EndGlobalSection
	GlobalSection(ExtensibilityGlobals) = postSolution
		SolutionGuid = {FFB1BAA4-E9EA-493F-861A-989C4E9CB6DA}
	EndGlobalSection
EndGlobal
