
Microsoft Visual Studio Solution File, Format Version 12.00
# Visual Studio 15
VisualStudioVersion = 15.0.28010.2016
MinimumVisualStudioVersion = 10.0.40219.1
Project("{FAE04EC0-301F-11D3-BF4B-00C04F79EFBC}") = "lab_16", "lab_16\lab_16.csproj", "{1140DF0D-2D30-414B-B134-843A4F9352BC}"
EndProject
Global
	GlobalSection(SolutionConfigurationPlatforms) = preSolution
		Debug|Any CPU = Debug|Any CPU
		Release|Any CPU = Release|Any CPU
	EndGlobalSection
	GlobalSection(ProjectConfigurationPlatforms) = postSolution
		{1140DF0D-2D30-414B-B134-843A4F9352BC}.Debug|Any CPU.ActiveCfg = Debug|Any CPU
		{1140DF0D-2D30-414B-B134-843A4F9352BC}.Debug|Any CPU.Build.0 = Debug|Any CPU
		{1140DF0D-2D30-414B-B134-843A4F9352BC}.Release|Any CPU.ActiveCfg = Release|Any CPU
		{1140DF0D-2D30-414B-B134-843A4F9352BC}.Release|Any CPU.Build.0 = Release|Any CPU
	EndGlobalSection
	GlobalSection(SolutionProperties) = preSolution
		HideSolutionNode = FALSE
	EndGlobalSection
	GlobalSection(ExtensibilityGlobals) = postSolution
		SolutionGuid = {04B5E269-B00A-4E9D-B65E-534050C0F028}
	EndGlobalSection
EndGlobal
